
Microsoft Visual Studio Solution File, Format Version 12.00
# Visual Studio Version 17
VisualStudioVersion = 17.3.32825.248
MinimumVisualStudioVersion = 10.0.40219.1
Project("{FAE04EC0-301F-11D3-BF4B-00C04F79EFBC}") = "LCR", "LCR.csproj", "{EC71BBFF-421C-40B4-B943-82800BF87C0D}"
EndProject
Global
	GlobalSection(SolutionConfigurationPlatforms) = preSolution
		Debug|Any CPU = Debug|Any CPU
		Release|Any CPU = Release|Any CPU
	EndGlobalSection
	GlobalSection(ProjectConfigurationPlatforms) = postSolution
		{EC71BBFF-421C-40B4-B943-82800BF87C0D}.Debug|Any CPU.ActiveCfg = Debug|Any CPU
		{EC71BBFF-421C-40B4-B943-82800BF87C0D}.Debug|Any CPU.Build.0 = Debug|Any CPU
		{EC71BBFF-421C-40B4-B943-82800BF87C0D}.Release|Any CPU.ActiveCfg = Release|Any CPU
		{EC71BBFF-421C-40B4-B943-82800BF87C0D}.Release|Any CPU.Build.0 = Release|Any CPU
	EndGlobalSection
	GlobalSection(SolutionProperties) = preSolution
		HideSolutionNode = FALSE
	EndGlobalSection
	GlobalSection(ExtensibilityGlobals) = postSolution
		SolutionGuid = {882BB2CE-1BE1-450C-9E2D-452A96F74D89}
	EndGlobalSection
EndGlobal
